
Microsoft Visual Studio Solution File, Format Version 12.00
# Visual Studio 14
VisualStudioVersion = 14.0.25420.1
MinimumVisualStudioVersion = 10.0.40219.1
Project("{FAE04EC0-301F-11D3-BF4B-00C04F79EFBC}") = "SQL Pack", "SQL Pack\SQL Pack.csproj", "{740137EF-4334-4C45-9FC3-6C43D497B86B}"
EndProject
Project("{54435603-DBB4-11D2-8724-00A0C9A8B90C}") = "SQL Pack Setup", "SQL Pack Setup\SQL Pack Setup.vdproj", "{9940598D-E7F7-4D97-8E05-6BA934569831}"
EndProject
Global
	GlobalSection(SolutionConfigurationPlatforms) = preSolution
		Debug|Any CPU = Debug|Any CPU
		Release|Any CPU = Release|Any CPU
	EndGlobalSection
	GlobalSection(ProjectConfigurationPlatforms) = postSolution
		{740137EF-4334-4C45-9FC3-6C43D497B86B}.Debug|Any CPU.ActiveCfg = Debug|Any CPU
		{740137EF-4334-4C45-9FC3-6C43D497B86B}.Debug|Any CPU.Build.0 = Debug|Any CPU
		{740137EF-4334-4C45-9FC3-6C43D497B86B}.Release|Any CPU.ActiveCfg = Release|Any CPU
		{740137EF-4334-4C45-9FC3-6C43D497B86B}.Release|Any CPU.Build.0 = Release|Any CPU
		{9940598D-E7F7-4D97-8E05-6BA934569831}.Debug|Any CPU.ActiveCfg = Debug
		{9940598D-E7F7-4D97-8E05-6BA934569831}.Release|Any CPU.ActiveCfg = Release
	EndGlobalSection
	GlobalSection(SolutionProperties) = preSolution
		HideSolutionNode = FALSE
	EndGlobalSection
EndGlobal
